
Microsoft Visual Studio Solution File, Format Version 12.00
# Visual Studio Version 17
VisualStudioVersion = 17.9.34622.214
MinimumVisualStudioVersion = 10.0.40219.1
Project("{9A19103F-16F7-4668-BE54-9A1E7A4F7556}") = "ProektComputerStore", "ProektComputerStore\ProektComputerStore.csproj", "{F67783BE-DEFF-499C-8F65-7522F1BBEA0E}"
EndProject
Project("{FAE04EC0-301F-11D3-BF4B-00C04F79EFBC}") = "TestUnit", "TestUnit\TestUnit.csproj", "{6D17032F-0C16-4E57-83DE-CC39343865FF}"
EndProject
Global
	GlobalSection(SolutionConfigurationPlatforms) = preSolution
		Debug|Any CPU = Debug|Any CPU
		Release|Any CPU = Release|Any CPU
	EndGlobalSection
	GlobalSection(ProjectConfigurationPlatforms) = postSolution
		{F67783BE-DEFF-499C-8F65-7522F1BBEA0E}.Debug|Any CPU.ActiveCfg = Debug|Any CPU
		{F67783BE-DEFF-499C-8F65-7522F1BBEA0E}.Debug|Any CPU.Build.0 = Debug|Any CPU
		{F67783BE-DEFF-499C-8F65-7522F1BBEA0E}.Release|Any CPU.ActiveCfg = Release|Any CPU
		{F67783BE-DEFF-499C-8F65-7522F1BBEA0E}.Release|Any CPU.Build.0 = Release|Any CPU
		{6D17032F-0C16-4E57-83DE-CC39343865FF}.Debug|Any CPU.ActiveCfg = Debug|Any CPU
		{6D17032F-0C16-4E57-83DE-CC39343865FF}.Debug|Any CPU.Build.0 = Debug|Any CPU
		{6D17032F-0C16-4E57-83DE-CC39343865FF}.Release|Any CPU.ActiveCfg = Release|Any CPU
		{6D17032F-0C16-4E57-83DE-CC39343865FF}.Release|Any CPU.Build.0 = Release|Any CPU
	EndGlobalSection
	GlobalSection(SolutionProperties) = preSolution
		HideSolutionNode = FALSE
	EndGlobalSection
	GlobalSection(ExtensibilityGlobals) = postSolution
		SolutionGuid = {4B3BDAC3-67CA-4327-BEE9-389AEBA4D2BB}
	EndGlobalSection
EndGlobal
